
Microsoft Visual Studio Solution File, Format Version 12.00
# Visual Studio Version 17
VisualStudioVersion = 17.3.32922.545
MinimumVisualStudioVersion = 10.0.40219.1
Project("{FAE04EC0-301F-11D3-BF4B-00C04F79EFBC}") = "Make standard structure for returning JSON", "Make standard structure for returning JSON\Make standard structure for returning JSON.csproj", "{439EFBAB-5576-4098-AB23-5079188BD7F2}"
EndProject
Global
	GlobalSection(SolutionConfigurationPlatforms) = preSolution
		Debug|Any CPU = Debug|Any CPU
		Release|Any CPU = Release|Any CPU
	EndGlobalSection
	GlobalSection(ProjectConfigurationPlatforms) = postSolution
		{439EFBAB-5576-4098-AB23-5079188BD7F2}.Debug|Any CPU.ActiveCfg = Debug|Any CPU
		{439EFBAB-5576-4098-AB23-5079188BD7F2}.Debug|Any CPU.Build.0 = Debug|Any CPU
		{439EFBAB-5576-4098-AB23-5079188BD7F2}.Release|Any CPU.ActiveCfg = Release|Any CPU
		{439EFBAB-5576-4098-AB23-5079188BD7F2}.Release|Any CPU.Build.0 = Release|Any CPU
	EndGlobalSection
	GlobalSection(SolutionProperties) = preSolution
		HideSolutionNode = FALSE
	EndGlobalSection
	GlobalSection(ExtensibilityGlobals) = postSolution
		SolutionGuid = {DE9EE78A-8BE3-4640-B500-AC661CCD02FB}
	EndGlobalSection
EndGlobal
